<?xml version="1.0" encoding="UTF-8"?>
<CodeBlocks_project_file>
	<FileVersion major="1" minor="6"/>
	<Project>
		<Option title="lab4"/>
		<Option makefile_is_custom="1"/>
		<Option compiler="gcc"/>
		<Option virtualFolders="CMake Files\;CMake Files\Google_tests\;CMake Files\Google_tests\googletest-main\;CMake Files\Google_tests\googletest-main\googlemock\;CMake Files\Google_tests\googletest-main\googlemock\cmake\;CMake Files\Google_tests\googletest-main\googletest\;CMake Files\Google_tests\googletest-main\googletest\cmake\;CMake Files\lab1\;CMake Files\lab2\;CMake Files\lab3.2\;CMake Files\lab3.3\;CMake Files\lab4\;CMake Files\..\;CMake Files\..\..\;CMake Files\..\..\..\;CMake Files\..\..\..\..\;CMake Files\..\..\..\..\usr\;CMake Files\..\..\..\..\usr\lib\;CMake Files\..\..\..\..\usr\lib\x86_64-linux-gnu\;CMake Files\..\..\..\..\usr\lib\x86_64-linux-gnu\cmake\;CMake Files\..\..\..\..\usr\lib\x86_64-linux-gnu\cmake\SFML\;"/>
		<Build>
			<Target title="all">
				<Option working_dir="/home/usik-dan/CLionProjects/OOP_sem5/cmake-build-debug/lab4"/>
				<Option type="4"/>
				<MakeCommands>
					<Build command="/bin/make -j4 -f &quot;/home/usik-dan/CLionProjects/OOP_sem5/cmake-build-debug/lab4/Makefile&quot;  VERBOSE=1 all"/>
					<CompileFile command="/bin/make -j4 -f &quot;/home/usik-dan/CLionProjects/OOP_sem5/cmake-build-debug/lab4/Makefile&quot;  VERBOSE=1 &quot;$file&quot;"/>
					<Clean command="/bin/make -j4 -f &quot;/home/usik-dan/CLionProjects/OOP_sem5/cmake-build-debug/lab4/Makefile&quot;  VERBOSE=1 clean"/>
					<DistClean command="/bin/make -j4 -f &quot;/home/usik-dan/CLionProjects/OOP_sem5/cmake-build-debug/lab4/Makefile&quot;  VERBOSE=1 clean"/>
				</MakeCommands>
			</Target>
			<Target title="game">
				<Option output="/home/usik-dan/CLionProjects/OOP_sem5/cmake-build-debug/lab4/game" prefix_auto="0" extension_auto="0"/>
				<Option working_dir="/home/usik-dan/CLionProjects/OOP_sem5/cmake-build-debug/lab4"/>
				<Option object_output="./"/>
				<Option type="1"/>
				<Option compiler="gcc"/>
				<Compiler>
					<Add directory="/home/usik-dan/CLionProjects/OOP_sem5/lab4/app"/>
					<Add directory="/home/usik-dan/CLionProjects/OOP_sem5/lab4/application"/>
					<Add directory="/usr/include/c++/11"/>
					<Add directory="/usr/include/x86_64-linux-gnu/c++/11"/>
					<Add directory="/usr/include/c++/11/backward"/>
					<Add directory="/usr/lib/gcc/x86_64-linux-gnu/11/include"/>
					<Add directory="/usr/local/include"/>
					<Add directory="/usr/include/x86_64-linux-gnu"/>
					<Add directory="/usr/include"/>
				</Compiler>
				<MakeCommands>
					<Build command="/bin/make -j4 -f &quot;/home/usik-dan/CLionProjects/OOP_sem5/cmake-build-debug/lab4/Makefile&quot;  VERBOSE=1 game"/>
					<CompileFile command="/bin/make -j4 -f &quot;/home/usik-dan/CLionProjects/OOP_sem5/cmake-build-debug/lab4/Makefile&quot;  VERBOSE=1 &quot;$file&quot;"/>
					<Clean command="/bin/make -j4 -f &quot;/home/usik-dan/CLionProjects/OOP_sem5/cmake-build-debug/lab4/Makefile&quot;  VERBOSE=1 clean"/>
					<DistClean command="/bin/make -j4 -f &quot;/home/usik-dan/CLionProjects/OOP_sem5/cmake-build-debug/lab4/Makefile&quot;  VERBOSE=1 clean"/>
				</MakeCommands>
			</Target>
			<Target title="game/fast">
				<Option output="/home/usik-dan/CLionProjects/OOP_sem5/cmake-build-debug/lab4/game" prefix_auto="0" extension_auto="0"/>
				<Option working_dir="/home/usik-dan/CLionProjects/OOP_sem5/cmake-build-debug/lab4"/>
				<Option object_output="./"/>
				<Option type="1"/>
				<Option compiler="gcc"/>
				<Compiler>
					<Add directory="/home/usik-dan/CLionProjects/OOP_sem5/lab4/app"/>
					<Add directory="/home/usik-dan/CLionProjects/OOP_sem5/lab4/application"/>
					<Add directory="/usr/include/c++/11"/>
					<Add directory="/usr/include/x86_64-linux-gnu/c++/11"/>
					<Add directory="/usr/include/c++/11/backward"/>
					<Add directory="/usr/lib/gcc/x86_64-linux-gnu/11/include"/>
					<Add directory="/usr/local/include"/>
					<Add directory="/usr/include/x86_64-linux-gnu"/>
					<Add directory="/usr/include"/>
				</Compiler>
				<MakeCommands>
					<Build command="/bin/make -j4 -f &quot;/home/usik-dan/CLionProjects/OOP_sem5/cmake-build-debug/lab4/Makefile&quot;  VERBOSE=1 game/fast"/>
					<CompileFile command="/bin/make -j4 -f &quot;/home/usik-dan/CLionProjects/OOP_sem5/cmake-build-debug/lab4/Makefile&quot;  VERBOSE=1 &quot;$file&quot;"/>
					<Clean command="/bin/make -j4 -f &quot;/home/usik-dan/CLionProjects/OOP_sem5/cmake-build-debug/lab4/Makefile&quot;  VERBOSE=1 clean"/>
					<DistClean command="/bin/make -j4 -f &quot;/home/usik-dan/CLionProjects/OOP_sem5/cmake-build-debug/lab4/Makefile&quot;  VERBOSE=1 clean"/>
				</MakeCommands>
			</Target>
			<Target title="objects">
				<Option output="/home/usik-dan/CLionProjects/OOP_sem5/cmake-build-debug/lab4/libobjects.a" prefix_auto="0" extension_auto="0"/>
				<Option working_dir="/home/usik-dan/CLionProjects/OOP_sem5/cmake-build-debug/lab4"/>
				<Option object_output="./"/>
				<Option type="2"/>
				<Option compiler="gcc"/>
				<Compiler>
					<Add directory="/home/usik-dan/CLionProjects/OOP_sem5/lab4/app"/>
					<Add directory="/home/usik-dan/CLionProjects/OOP_sem5/lab4/application"/>
					<Add directory="/usr/include/c++/11"/>
					<Add directory="/usr/include/x86_64-linux-gnu/c++/11"/>
					<Add directory="/usr/include/c++/11/backward"/>
					<Add directory="/usr/lib/gcc/x86_64-linux-gnu/11/include"/>
					<Add directory="/usr/local/include"/>
					<Add directory="/usr/include/x86_64-linux-gnu"/>
					<Add directory="/usr/include"/>
				</Compiler>
				<MakeCommands>
					<Build command="/bin/make -j4 -f &quot;/home/usik-dan/CLionProjects/OOP_sem5/cmake-build-debug/lab4/Makefile&quot;  VERBOSE=1 objects"/>
					<CompileFile command="/bin/make -j4 -f &quot;/home/usik-dan/CLionProjects/OOP_sem5/cmake-build-debug/lab4/Makefile&quot;  VERBOSE=1 &quot;$file&quot;"/>
					<Clean command="/bin/make -j4 -f &quot;/home/usik-dan/CLionProjects/OOP_sem5/cmake-build-debug/lab4/Makefile&quot;  VERBOSE=1 clean"/>
					<DistClean command="/bin/make -j4 -f &quot;/home/usik-dan/CLionProjects/OOP_sem5/cmake-build-debug/lab4/Makefile&quot;  VERBOSE=1 clean"/>
				</MakeCommands>
			</Target>
			<Target title="objects/fast">
				<Option output="/home/usik-dan/CLionProjects/OOP_sem5/cmake-build-debug/lab4/libobjects.a" prefix_auto="0" extension_auto="0"/>
				<Option working_dir="/home/usik-dan/CLionProjects/OOP_sem5/cmake-build-debug/lab4"/>
				<Option object_output="./"/>
				<Option type="2"/>
				<Option compiler="gcc"/>
				<Compiler>
					<Add directory="/home/usik-dan/CLionProjects/OOP_sem5/lab4/app"/>
					<Add directory="/home/usik-dan/CLionProjects/OOP_sem5/lab4/application"/>
					<Add directory="/usr/include/c++/11"/>
					<Add directory="/usr/include/x86_64-linux-gnu/c++/11"/>
					<Add directory="/usr/include/c++/11/backward"/>
					<Add directory="/usr/lib/gcc/x86_64-linux-gnu/11/include"/>
					<Add directory="/usr/local/include"/>
					<Add directory="/usr/include/x86_64-linux-gnu"/>
					<Add directory="/usr/include"/>
				</Compiler>
				<MakeCommands>
					<Build command="/bin/make -j4 -f &quot;/home/usik-dan/CLionProjects/OOP_sem5/cmake-build-debug/lab4/Makefile&quot;  VERBOSE=1 objects/fast"/>
					<CompileFile command="/bin/make -j4 -f &quot;/home/usik-dan/CLionProjects/OOP_sem5/cmake-build-debug/lab4/Makefile&quot;  VERBOSE=1 &quot;$file&quot;"/>
					<Clean command="/bin/make -j4 -f &quot;/home/usik-dan/CLionProjects/OOP_sem5/cmake-build-debug/lab4/Makefile&quot;  VERBOSE=1 clean"/>
					<DistClean command="/bin/make -j4 -f &quot;/home/usik-dan/CLionProjects/OOP_sem5/cmake-build-debug/lab4/Makefile&quot;  VERBOSE=1 clean"/>
				</MakeCommands>
			</Target>
		</Build>
		<Unit filename="/home/usik-dan/CLionProjects/OOP_sem5/lab4/application/Ammo_container.cpp">
			<Option target="objects"/>
		</Unit>
		<Unit filename="/home/usik-dan/CLionProjects/OOP_sem5/lab4/application/Ammo_container.h">
			<Option target="objects"/>
		</Unit>
		<Unit filename="/home/usik-dan/CLionProjects/OOP_sem5/lab4/application/Cell.cpp">
			<Option target="objects"/>
		</Unit>
		<Unit filename="/home/usik-dan/CLionProjects/OOP_sem5/lab4/application/Cell.h">
			<Option target="objects"/>
		</Unit>
		<Unit filename="/home/usik-dan/CLionProjects/OOP_sem5/lab4/application/Forager.cpp">
			<Option target="objects"/>
		</Unit>
		<Unit filename="/home/usik-dan/CLionProjects/OOP_sem5/lab4/application/Forager.h">
			<Option target="objects"/>
		</Unit>
		<Unit filename="/home/usik-dan/CLionProjects/OOP_sem5/lab4/application/Game.cpp">
			<Option target="objects"/>
		</Unit>
		<Unit filename="/home/usik-dan/CLionProjects/OOP_sem5/lab4/application/Game.h">
			<Option target="objects"/>
		</Unit>
		<Unit filename="/home/usik-dan/CLionProjects/OOP_sem5/lab4/application/Item.cpp">
			<Option target="objects"/>
		</Unit>
		<Unit filename="/home/usik-dan/CLionProjects/OOP_sem5/lab4/application/Item.h">
			<Option target="objects"/>
		</Unit>
		<Unit filename="/home/usik-dan/CLionProjects/OOP_sem5/lab4/application/Level.cpp">
			<Option target="objects"/>
		</Unit>
		<Unit filename="/home/usik-dan/CLionProjects/OOP_sem5/lab4/application/Level.h">
			<Option target="objects"/>
		</Unit>
		<Unit filename="/home/usik-dan/CLionProjects/OOP_sem5/lab4/application/Medicine_Kit.cpp">
			<Option target="objects"/>
		</Unit>
		<Unit filename="/home/usik-dan/CLionProjects/OOP_sem5/lab4/application/Medicine_Kit.h">
			<Option target="objects"/>
		</Unit>
		<Unit filename="/home/usik-dan/CLionProjects/OOP_sem5/lab4/application/Operative.cpp">
			<Option target="objects"/>
		</Unit>
		<Unit filename="/home/usik-dan/CLionProjects/OOP_sem5/lab4/application/Operative.h">
			<Option target="objects"/>
		</Unit>
		<Unit filename="/home/usik-dan/CLionProjects/OOP_sem5/lab4/application/RPG_Object.cpp">
			<Option target="objects"/>
		</Unit>
		<Unit filename="/home/usik-dan/CLionProjects/OOP_sem5/lab4/application/RPG_Object.h">
			<Option target="objects"/>
		</Unit>
		<Unit filename="/home/usik-dan/CLionProjects/OOP_sem5/lab4/application/Rational.cpp">
			<Option target="objects"/>
		</Unit>
		<Unit filename="/home/usik-dan/CLionProjects/OOP_sem5/lab4/application/Rational.h">
			<Option target="objects"/>
		</Unit>
		<Unit filename="/home/usik-dan/CLionProjects/OOP_sem5/lab4/application/Table.cpp">
			<Option target="objects"/>
		</Unit>
		<Unit filename="/home/usik-dan/CLionProjects/OOP_sem5/lab4/application/Table.h">
			<Option target="objects"/>
		</Unit>
		<Unit filename="/home/usik-dan/CLionProjects/OOP_sem5/lab4/application/Unit.cpp">
			<Option target="objects"/>
		</Unit>
		<Unit filename="/home/usik-dan/CLionProjects/OOP_sem5/lab4/application/Unit.h">
			<Option target="objects"/>
		</Unit>
		<Unit filename="/home/usik-dan/CLionProjects/OOP_sem5/lab4/application/Weapon.cpp">
			<Option target="objects"/>
		</Unit>
		<Unit filename="/home/usik-dan/CLionProjects/OOP_sem5/lab4/application/Weapon.h">
			<Option target="objects"/>
		</Unit>
		<Unit filename="/home/usik-dan/CLionProjects/OOP_sem5/lab4/application/Wild.cpp">
			<Option target="objects"/>
		</Unit>
		<Unit filename="/home/usik-dan/CLionProjects/OOP_sem5/lab4/application/Wild.h">
			<Option target="objects"/>
		</Unit>
		<Unit filename="/home/usik-dan/CLionProjects/OOP_sem5/lab4/application/help_func.h">
			<Option target="objects"/>
		</Unit>
		<Unit filename="/home/usik-dan/CLionProjects/OOP_sem5/lab4/graphics/TileOnMap.cpp">
			<Option target="game"/>
		</Unit>
		<Unit filename="/home/usik-dan/CLionProjects/OOP_sem5/lab4/graphics/TileOnMap.h">
			<Option target="game"/>
		</Unit>
		<Unit filename="/home/usik-dan/CLionProjects/OOP_sem5/lab4/main.cpp">
			<Option target="game"/>
		</Unit>
		<Unit filename="/home/usik-dan/CLionProjects/OOP_sem5/CMakeLists.txt">
			<Option virtualFolder="CMake Files\"/>
		</Unit>
		<Unit filename="/home/usik-dan/CLionProjects/OOP_sem5/Google_tests/CMakeLists.txt">
			<Option virtualFolder="CMake Files\Google_tests\"/>
		</Unit>
		<Unit filename="/home/usik-dan/CLionProjects/OOP_sem5/Google_tests/googletest-main/CMakeLists.txt">
			<Option virtualFolder="CMake Files\Google_tests\googletest-main\"/>
		</Unit>
		<Unit filename="/home/usik-dan/CLionProjects/OOP_sem5/Google_tests/googletest-main/googlemock/CMakeLists.txt">
			<Option virtualFolder="CMake Files\Google_tests\googletest-main\googlemock\"/>
		</Unit>
		<Unit filename="/home/usik-dan/CLionProjects/OOP_sem5/Google_tests/googletest-main/googlemock/cmake/gmock.pc.in">
			<Option virtualFolder="CMake Files\Google_tests\googletest-main\googlemock\cmake\"/>
		</Unit>
		<Unit filename="/home/usik-dan/CLionProjects/OOP_sem5/Google_tests/googletest-main/googlemock/cmake/gmock_main.pc.in">
			<Option virtualFolder="CMake Files\Google_tests\googletest-main\googlemock\cmake\"/>
		</Unit>
		<Unit filename="/home/usik-dan/CLionProjects/OOP_sem5/Google_tests/googletest-main/googletest/CMakeLists.txt">
			<Option virtualFolder="CMake Files\Google_tests\googletest-main\googletest\"/>
		</Unit>
		<Unit filename="/home/usik-dan/CLionProjects/OOP_sem5/Google_tests/googletest-main/googletest/cmake/Config.cmake.in">
			<Option virtualFolder="CMake Files\Google_tests\googletest-main\googletest\cmake\"/>
		</Unit>
		<Unit filename="/home/usik-dan/CLionProjects/OOP_sem5/Google_tests/googletest-main/googletest/cmake/gtest.pc.in">
			<Option virtualFolder="CMake Files\Google_tests\googletest-main\googletest\cmake\"/>
		</Unit>
		<Unit filename="/home/usik-dan/CLionProjects/OOP_sem5/Google_tests/googletest-main/googletest/cmake/gtest_main.pc.in">
			<Option virtualFolder="CMake Files\Google_tests\googletest-main\googletest\cmake\"/>
		</Unit>
		<Unit filename="/home/usik-dan/CLionProjects/OOP_sem5/Google_tests/googletest-main/googletest/cmake/internal_utils.cmake">
			<Option virtualFolder="CMake Files\Google_tests\googletest-main\googletest\cmake\"/>
		</Unit>
		<Unit filename="/home/usik-dan/CLionProjects/OOP_sem5/lab1/CMakeLists.txt">
			<Option virtualFolder="CMake Files\lab1\"/>
		</Unit>
		<Unit filename="/home/usik-dan/CLionProjects/OOP_sem5/lab2/CMakeLists.txt">
			<Option virtualFolder="CMake Files\lab2\"/>
		</Unit>
		<Unit filename="/home/usik-dan/CLionProjects/OOP_sem5/lab3.2/CMakeLists.txt">
			<Option virtualFolder="CMake Files\lab3.2\"/>
		</Unit>
		<Unit filename="/home/usik-dan/CLionProjects/OOP_sem5/lab3.3/CMakeLists.txt">
			<Option virtualFolder="CMake Files\lab3.3\"/>
		</Unit>
		<Unit filename="/home/usik-dan/CLionProjects/OOP_sem5/lab4/CMakeLists.txt">
			<Option virtualFolder="CMake Files\lab4\"/>
		</Unit>
		<Unit filename="/home/usik-dan/CLionProjects/OOP_sem5/../../../../usr/lib/x86_64-linux-gnu/cmake/SFML/SFMLConfig.cmake">
			<Option virtualFolder="CMake Files\..\..\..\..\usr\lib\x86_64-linux-gnu\cmake\SFML\"/>
		</Unit>
		<Unit filename="/home/usik-dan/CLionProjects/OOP_sem5/../../../../usr/lib/x86_64-linux-gnu/cmake/SFML/SFMLConfigDependencies.cmake">
			<Option virtualFolder="CMake Files\..\..\..\..\usr\lib\x86_64-linux-gnu\cmake\SFML\"/>
		</Unit>
		<Unit filename="/home/usik-dan/CLionProjects/OOP_sem5/../../../../usr/lib/x86_64-linux-gnu/cmake/SFML/SFMLConfigVersion.cmake">
			<Option virtualFolder="CMake Files\..\..\..\..\usr\lib\x86_64-linux-gnu\cmake\SFML\"/>
		</Unit>
		<Unit filename="/home/usik-dan/CLionProjects/OOP_sem5/../../../../usr/lib/x86_64-linux-gnu/cmake/SFML/SFMLSharedTargets-none.cmake">
			<Option virtualFolder="CMake Files\..\..\..\..\usr\lib\x86_64-linux-gnu\cmake\SFML\"/>
		</Unit>
		<Unit filename="/home/usik-dan/CLionProjects/OOP_sem5/../../../../usr/lib/x86_64-linux-gnu/cmake/SFML/SFMLSharedTargets.cmake">
			<Option virtualFolder="CMake Files\..\..\..\..\usr\lib\x86_64-linux-gnu\cmake\SFML\"/>
		</Unit>
	</Project>
</CodeBlocks_project_file>
